
Microsoft Visual Studio Solution File, Format Version 12.00
# Visual Studio Version 17
VisualStudioVersion = 17.12.35707.178
MinimumVisualStudioVersion = 10.0.40219.1
Project("{FAE04EC0-301F-11D3-BF4B-00C04F79EFBC}") = "tiklaa_blazor_game", "tiklaa_blazor_game\tiklaa_blazor_game.csproj", "{7EA07A63-1EF9-405D-93FB-5C3ABDD56D78}"
EndProject
Global
	GlobalSection(SolutionConfigurationPlatforms) = preSolution
		Debug|Any CPU = Debug|Any CPU
		Release|Any CPU = Release|Any CPU
	EndGlobalSection
	GlobalSection(ProjectConfigurationPlatforms) = postSolution
		{7EA07A63-1EF9-405D-93FB-5C3ABDD56D78}.Debug|Any CPU.ActiveCfg = Debug|Any CPU
		{7EA07A63-1EF9-405D-93FB-5C3ABDD56D78}.Debug|Any CPU.Build.0 = Debug|Any CPU
		{7EA07A63-1EF9-405D-93FB-5C3ABDD56D78}.Release|Any CPU.ActiveCfg = Release|Any CPU
		{7EA07A63-1EF9-405D-93FB-5C3ABDD56D78}.Release|Any CPU.Build.0 = Release|Any CPU
	EndGlobalSection
	GlobalSection(SolutionProperties) = preSolution
		HideSolutionNode = FALSE
	EndGlobalSection
EndGlobal
